{
  "name": "serverless-mongodb-local",
  "version": "0.0.0",
  "lockfileVersion": 2,
  "requires": true,
  "dev": true,
  "packages": {
    "": {
      "version": "0.0.0",
      "dev": true,
      "license": "MIT",
      "dependencies": {
        "mongodb-memory-server-core": "^6.3.3"
      },
      "devDependencies": {
        "eslint": "^7.15.0",
        "eslint-config-airbnb-base": "^14.2.1",
        "eslint-plugin-import": "^2.22.1",
        "serverless": "^2.15.0",
        "serverless-mongodb-local": ".",
        "serverless-offline": "^6.8.0"
      },
      "peerDependencies": {
        "serverless": "^2.0.0"
      }
    }
  }
}
